PODS:
  - Flutter (1.0.0)
  - flutter_boost (0.0.1):
    - Flutter
    - xservice_kit
  - xservice_kit (0.0.1):
    - Flutter

DEPENDENCIES:
  - Flutter (from `.symlinks/flutter/ios`)
  - flutter_boost (from `/Users/zhongchengguo/Desktop/flutter_boost/ios`)
  - xservice_kit (from `/Users/zhongchengguo/.pub-cache/hosted/pub.flutter-io.cn/xservice_kit-0.0.29/ios`)

EXTERNAL SOURCES:
  Flutter:
    :path: ".symlinks/flutter/ios"
  flutter_boost:
    :path: "/Users/zhongchengguo/Desktop/flutter_boost/ios"
  xservice_kit:
    :path: "/Users/zhongchengguo/.pub-cache/hosted/pub.flutter-io.cn/xservice_kit-0.0.29/ios"

SPEC CHECKSUMS:
  Flutter: 9d0fac939486c9aba2809b7982dfdbb47a7b0296
  flutter_boost: 6a083f2f1b67f9b08724d6c4b280a099d1b40797
  xservice_kit: a86c64372b3e41e7d8e9b1a0b9139866680f525c

PODFILE CHECKSUM: 2a757a7bdc03b37a2814666652fdff1cf694243f

COCOAPODS: 1.5.3
