PODS:
  - Flutter (1.0.0)
  - flutter_boost (0.0.2):
    - Flutter

DEPENDENCIES:
  - Flutter (from `Flutter`)
  - flutter_boost (from `.symlinks/plugins/flutter_boost/ios`)

EXTERNAL SOURCES:
  Flutter:
    :path: Flutter
  flutter_boost:
    :path: ".symlinks/plugins/flutter_boost/ios"

SPEC CHECKSUMS:
  Flutter: 434fef37c0980e73bb6479ef766c45957d4b510c
  flutter_boost: 1b5f53a54ba73726829691db891e85f40b4f6494

PODFILE CHECKSUM: aafe91acc616949ddb318b77800a7f51bffa2a4c

COCOAPODS: 1.10.1
